
Microsoft Visual Studio Solution File, Format Version 12.00
# Visual Studio Version 17
VisualStudioVersion = 17.0.32014.148
MinimumVisualStudioVersion = 10.0.40219.1
Project("{8BC9CEB8-8B4A-11D0-8D11-00A0C91BC942}") = "chess", "chess.vcxproj", "{4470EC4D-E3F1-4533-8A3C-83F484409DA7}"
EndProject
Global
	GlobalSection(SolutionConfigurationPlatforms) = preSolution
		Debug|x64 = Debug|x64
		Debug|x86 = Debug|x86
		Release|x64 = Release|x64
		Release|x86 = Release|x86
	EndGlobalSection
	GlobalSection(ProjectConfigurationPlatforms) = postSolution
		{4470EC4D-E3F1-4533-8A3C-83F484409DA7}.Debug|x64.ActiveCfg = Debug|x64
		{4470EC4D-E3F1-4533-8A3C-83F484409DA7}.Debug|x64.Build.0 = Debug|x64
		{4470EC4D-E3F1-4533-8A3C-83F484409DA7}.Debug|x86.ActiveCfg = Debug|Win32
		{4470EC4D-E3F1-4533-8A3C-83F484409DA7}.Debug|x86.Build.0 = Debug|Win32
		{4470EC4D-E3F1-4533-8A3C-83F484409DA7}.Release|x64.ActiveCfg = Release|x64
		{4470EC4D-E3F1-4533-8A3C-83F484409DA7}.Release|x64.Build.0 = Release|x64
		{4470EC4D-E3F1-4533-8A3C-83F484409DA7}.Release|x86.ActiveCfg = Release|Win32
		{4470EC4D-E3F1-4533-8A3C-83F484409DA7}.Release|x86.Build.0 = Release|Win32
	EndGlobalSection
	GlobalSection(SolutionProperties) = preSolution
		HideSolutionNode = FALSE
	EndGlobalSection
	GlobalSection(ExtensibilityGlobals) = postSolution
		SolutionGuid = {61348EB0-7F19-4A7F-BC21-A1C4D79CF9F7}
	EndGlobalSection
EndGlobal
